
Microsoft Visual Studio Solution File, Format Version 12.00
# Visual Studio Version 16
VisualStudioVersion = 16.0.29411.138
MinimumVisualStudioVersion = 10.0.40219.1
Project("{FAE04EC0-301F-11D3-BF4B-00C04F79EFBC}") = "Demo", "Demo\Demo.csproj", "{1730F89F-2FB0-49F6-B4EE-3003225044F7}"
EndProject
Global
	GlobalSection(SolutionConfigurationPlatforms) = preSolution
		Debug|Any CPU = Debug|Any CPU
		Release|Any CPU = Release|Any CPU
	EndGlobalSection
	GlobalSection(ProjectConfigurationPlatforms) = postSolution
		{1730F89F-2FB0-49F6-B4EE-3003225044F7}.Debug|Any CPU.ActiveCfg = Debug|Any CPU
		{1730F89F-2FB0-49F6-B4EE-3003225044F7}.Debug|Any CPU.Build.0 = Debug|Any CPU
		{1730F89F-2FB0-49F6-B4EE-3003225044F7}.Release|Any CPU.ActiveCfg = Release|Any CPU
		{1730F89F-2FB0-49F6-B4EE-3003225044F7}.Release|Any CPU.Build.0 = Release|Any CPU
	EndGlobalSection
	GlobalSection(SolutionProperties) = preSolution
		HideSolutionNode = FALSE
	EndGlobalSection
	GlobalSection(ExtensibilityGlobals) = postSolution
		SolutionGuid = {D6FEAA3B-F418-413B-B47C-A66E2194DC5C}
	EndGlobalSection
EndGlobal
